<?xml version="1.0" encoding="UTF-8"?>
<!DOCTYPE plist PUBLIC "-//Apple//DTD PLIST 1.0//EN" "http://www.apple.com/DTDs/PropertyList-1.0.dtd">
<plist version="1.0">
<dict>
	<key>archiveVersion</key>
	<string>1</string>
	<key>classes</key>
	<dict/>
	<key>objectVersion</key>
	<string>46</string>
	<key>objects</key>
	<dict>
		<key>530C283E68C1AEDF8C13EF35</key>
		<dict>
			<key>buildActionMask</key>
			<string>2147483647</string>
			<key>files</key>
			<array/>
			<key>inputPaths</key>
			<array/>
			<key>isa</key>
			<string>PBXShellScriptBuildPhase</string>
			<key>name</key>
			<string>Embed Pods Frameworks</string>
			<key>outputPaths</key>
			<array/>
			<key>runOnlyForDeploymentPostprocessing</key>
			<string>0</string>
			<key>shellPath</key>
			<string>/bin/sh</string>
			<key>shellScript</key>
			<string>"${SRCROOT}/Pods/Target Support Files/Pods/Pods-frameworks.sh"
</string>
			<key>showEnvVarsInLog</key>
			<string>0</string>
		</dict>
		<key>7BA2254B5AC09DEA4309C9C7</key>
		<dict>
			<key>fileRef</key>
			<string>B1BB91279937AD773BA11931</string>
			<key>isa</key>
			<string>PBXBuildFile</string>
		</dict>
		<key>7E642EA08CB8057E94085401</key>
		<dict>
			<key>children</key>
			<array>
				<string>9521F56F3ABE83E5054AA242</string>
				<string>B86CF103F93F4348075E7B4D</string>
			</array>
			<key>isa</key>
			<string>PBXGroup</string>
			<key>name</key>
			<string>Pods</string>
			<key>sourceTree</key>
			<string>&lt;group&gt;</string>
		</dict>
		<key>8ED0E9CC1D0558BF002BC4D7</key>
		<dict>
			<key>children</key>
			<array>
				<string>8ED0E9D71D0558C0002BC4D7</string>
				<string>8ED0EA0B1D055DAD002BC4D7</string>
				<string>8ED0E9F11D0558C0002BC4D7</string>
				<string>8ED0E9FC1D0558C0002BC4D7</string>
				<string>8ED0E9D61D0558BF002BC4D7</string>
				<string>7E642EA08CB8057E94085401</string>
				<string>E1866F9442EFC94E64704FF8</string>
			</array>
			<key>isa</key>
			<string>PBXGroup</string>
			<key>sourceTree</key>
			<string>&lt;group&gt;</string>
		</dict>
		<key>8ED0E9CD1D0558BF002BC4D7</key>
		<dict>
			<key>attributes</key>
			<dict>
				<key>LastUpgradeCheck</key>
				<string>0730</string>
				<key>ORGANIZATIONNAME</key>
				<string>liucheng</string>
				<key>TargetAttributes</key>
				<dict>
					<key>8ED0E9D41D0558BF002BC4D7</key>
					<dict>
						<key>CreatedOnToolsVersion</key>
						<string>7.3</string>
					</dict>
					<key>8ED0E9ED1D0558C0002BC4D7</key>
					<dict>
						<key>CreatedOnToolsVersion</key>
						<string>7.3</string>
						<key>TestTargetID</key>
						<string>8ED0E9D41D0558BF002BC4D7</string>
					</dict>
					<key>8ED0E9F81D0558C0002BC4D7</key>
					<dict>
						<key>CreatedOnToolsVersion</key>
						<string>7.3</string>
						<key>TestTargetID</key>
						<string>8ED0E9D41D0558BF002BC4D7</string>
					</dict>
				</dict>
			</dict>
			<key>buildConfigurationList</key>
			<string>8ED0E9D01D0558BF002BC4D7</string>
			<key>compatibilityVersion</key>
			<string>Xcode 3.2</string>
			<key>developmentRegion</key>
			<string>English</string>
			<key>hasScannedForEncodings</key>
			<string>0</string>
			<key>isa</key>
			<string>PBXProject</string>
			<key>knownRegions</key>
			<array>
				<string>en</string>
				<string>Base</string>
			</array>
			<key>mainGroup</key>
			<string>8ED0E9CC1D0558BF002BC4D7</string>
			<key>productRefGroup</key>
			<string>8ED0E9D61D0558BF002BC4D7</string>
			<key>projectDirPath</key>
			<string></string>
			<key>projectReferences</key>
			<array/>
			<key>projectRoot</key>
			<string></string>
			<key>targets</key>
			<array>
				<string>8ED0E9D41D0558BF002BC4D7</string>
				<string>8ED0E9ED1D0558C0002BC4D7</string>
				<string>8ED0E9F81D0558C0002BC4D7</string>
			</array>
		</dict>
		<key>8ED0E9D01D0558BF002BC4D7</key>
		<dict>
			<key>buildConfigurations</key>
			<array>
				<string>8ED0EA001D0558C0002BC4D7</string>
				<string>8ED0EA011D0558C0002BC4D7</string>
			</array>
			<key>defaultConfigurationIsVisible</key>
			<string>0</string>
			<key>defaultConfigurationName</key>
			<string>Release</string>
			<key>isa</key>
			<string>XCConfigurationList</string>
		</dict>
		<key>8ED0E9D11D0558BF002BC4D7</key>
		<dict>
			<key>buildActionMask</key>
			<string>2147483647</string>
			<key>files</key>
			<array>
				<string>8ED0EA1B1D05606B002BC4D7</string>
				<string>8ED0EA151D056033002BC4D7</string>
				<string>8ED0EA9A1D057B17002BC4D7</string>
				<string>8ED0EA2A1D056335002BC4D7</string>
				<string>8ED0EA841D057822002BC4D7</string>
				<string>8ED0EA511D057552002BC4D7</string>
				<string>8ED0EA181D056058002BC4D7</string>
				<string>8ED0EA7D1D05779F002BC4D7</string>
				<string>8ED0E9DD1D0558C0002BC4D7</string>
				<string>8ED0EA621D05768C002BC4D7</string>
				<string>8ED0EA5C1D057596002BC4D7</string>
				<string>8ED0EA271D0562F8002BC4D7</string>
				<string>8ED0EA7C1D05779F002BC4D7</string>
				<string>8ED0EA2D1D056368002BC4D7</string>
				<string>8ED0EA991D057B17002BC4D7</string>
				<string>8ED0EA441D0574E7002BC4D7</string>
				<string>8ED0EA241D0562C9002BC4D7</string>
				<string>8ED0EA561D057574002BC4D7</string>
				<string>8ED0EA8D1D057A8C002BC4D7</string>
				<string>8ED0EA611D05768C002BC4D7</string>
				<string>8ED0EA521D057552002BC4D7</string>
				<string>8ED0EA7B1D05779F002BC4D7</string>
				<string>8ED0EA6C1D0576E4002BC4D7</string>
				<string>8ED0EA5B1D057596002BC4D7</string>
				<string>8ED0EA681D0576B7002BC4D7</string>
				<string>8ED0EA501D057552002BC4D7</string>
				<string>8ED0EA321D056B23002BC4D7</string>
				<string>8ED0EA981D057B17002BC4D7</string>
				<string>8ED0E9DA1D0558C0002BC4D7</string>
				<string>8ED0EA211D0562BE002BC4D7</string>
				<string>8ED0EA971D057B17002BC4D7</string>
				<string>8ED0EA531D057552002BC4D7</string>
				<string>8ED0EA701D05771D002BC4D7</string>
				<string>8ED0EA7A1D05779F002BC4D7</string>
				<string>8ED0EA651D0576A8002BC4D7</string>
			</array>
			<key>isa</key>
			<string>PBXSourcesBuildPhase</string>
			<key>runOnlyForDeploymentPostprocessing</key>
			<string>0</string>
		</dict>
		<key>8ED0E9D21D0558BF002BC4D7</key>
		<dict>
			<key>buildActionMask</key>
			<string>2147483647</string>
			<key>files</key>
			<array>
				<string>7BA2254B5AC09DEA4309C9C7</string>
			</array>
			<key>isa</key>
			<string>PBXFrameworksBuildPhase</string>
			<key>runOnlyForDeploymentPostprocessing</key>
			<string>0</string>
		</dict>
		<key>8ED0E9D31D0558BF002BC4D7</key>
		<dict>
			<key>buildActionMask</key>
			<string>2147483647</string>
			<key>files</key>
			<array>
				<string>8ED0E9E81D0558C0002BC4D7</string>
				<string>8ED0E9E51D0558C0002BC4D7</string>
			</array>
			<key>isa</key>
			<string>PBXResourcesBuildPhase</string>
			<key>runOnlyForDeploymentPostprocessing</key>
			<string>0</string>
		</dict>
		<key>8ED0E9D41D0558BF002BC4D7</key>
		<dict>
			<key>buildConfigurationList</key>
			<string>8ED0EA021D0558C0002BC4D7</string>
			<key>buildPhases</key>
			<array>
				<string>CE2570C00B010A91D0DF6CB3</string>
				<string>8ED0E9D11D0558BF002BC4D7</string>
				<string>8ED0E9D21D0558BF002BC4D7</string>
				<string>8ED0E9D31D0558BF002BC4D7</string>
				<string>530C283E68C1AEDF8C13EF35</string>
				<string>D1F66E9A5BB77B52BBB153BC</string>
			</array>
			<key>buildRules</key>
			<array/>
			<key>dependencies</key>
			<array/>
			<key>isa</key>
			<string>PBXNativeTarget</string>
			<key>name</key>
			<string>ComponentProject</string>
			<key>productName</key>
			<string>ComponentProject</string>
			<key>productReference</key>
			<string>8ED0E9D51D0558BF002BC4D7</string>
			<key>productType</key>
			<string>com.apple.product-type.application</string>
		</dict>
		<key>8ED0E9D51D0558BF002BC4D7</key>
		<dict>
			<key>explicitFileType</key>
			<string>wrapper.application</string>
			<key>includeInIndex</key>
			<string>0</string>
			<key>isa</key>
			<string>PBXFileReference</string>
			<key>path</key>
			<string>ComponentProject.app</string>
			<key>sourceTree</key>
			<string>BUILT_PRODUCTS_DIR</string>
		</dict>
		<key>8ED0E9D61D0558BF002BC4D7</key>
		<dict>
			<key>children</key>
			<array>
				<string>8ED0E9D51D0558BF002BC4D7</string>
				<string>8ED0E9EE1D0558C0002BC4D7</string>
				<string>8ED0E9F91D0558C0002BC4D7</string>
			</array>
			<key>isa</key>
			<string>PBXGroup</string>
			<key>name</key>
			<string>Products</string>
			<key>sourceTree</key>
			<string>&lt;group&gt;</string>
		</dict>
		<key>8ED0E9D71D0558C0002BC4D7</key>
		<dict>
			<key>children</key>
			<array>
				<string>8ED0EA0E1D055E24002BC4D7</string>
				<string>8ED0EA121D055F03002BC4D7</string>
				<string>8ED0EA101D055ECA002BC4D7</string>
				<string>8ED0EA0F1D055E8E002BC4D7</string>
				<string>8ED0EA111D055EE7002BC4D7</string>
				<string>8ED0EA0D1D055DD7002BC4D7</string>
			</array>
			<key>isa</key>
			<string>PBXGroup</string>
			<key>path</key>
			<string>ComponentProject</string>
			<key>sourceTree</key>
			<string>&lt;group&gt;</string>
		</dict>
		<key>8ED0E9D81D0558C0002BC4D7</key>
		<dict>
			<key>children</key>
			<array>
				<string>8ED0E9D91D0558C0002BC4D7</string>
			</array>
			<key>isa</key>
			<string>PBXGroup</string>
			<key>name</key>
			<string>Supporting Files</string>
			<key>path</key>
			<string>..</string>
			<key>sourceTree</key>
			<string>&lt;group&gt;</string>
		</dict>
		<key>8ED0E9D91D0558C0002BC4D7</key>
		<dict>
			<key>isa</key>
			<string>PBXFileReference</string>
			<key>lastKnownFileType</key>
			<string>sourcecode.c.objc</string>
			<key>path</key>
			<string>main.m</string>
			<key>sourceTree</key>
			<string>&lt;group&gt;</string>
		</dict>
		<key>8ED0E9DA1D0558C0002BC4D7</key>
		<dict>
			<key>fileRef</key>
			<string>8ED0E9D91D0558C0002BC4D7</string>
			<key>isa</key>
			<string>PBXBuildFile</string>
		</dict>
		<key>8ED0E9DB1D0558C0002BC4D7</key>
		<dict>
			<key>isa</key>
			<string>PBXFileReference</string>
			<key>lastKnownFileType</key>
			<string>sourcecode.c.h</string>
			<key>name</key>
			<string>AppDelegate.h</string>
			<key>path</key>
			<string>../AppDelegate.h</string>
			<key>sourceTree</key>
			<string>&lt;group&gt;</string>
		</dict>
		<key>8ED0E9DC1D0558C0002BC4D7</key>
		<dict>
			<key>isa</key>
			<string>PBXFileReference</string>
			<key>lastKnownFileType</key>
			<string>sourcecode.c.objc</string>
			<key>name</key>
			<string>AppDelegate.m</string>
			<key>path</key>
			<string>../AppDelegate.m</string>
			<key>sourceTree</key>
			<string>&lt;group&gt;</string>
		</dict>
		<key>8ED0E9DD1D0558C0002BC4D7</key>
		<dict>
			<key>fileRef</key>
			<string>8ED0E9DC1D0558C0002BC4D7</string>
			<key>isa</key>
			<string>PBXBuildFile</string>
		</dict>
		<key>8ED0E9E41D0558C0002BC4D7</key>
		<dict>
			<key>isa</key>
			<string>PBXFileReference</string>
			<key>lastKnownFileType</key>
			<string>folder.assetcatalog</string>
			<key>name</key>
			<string>Assets.xcassets</string>
			<key>path</key>
			<string>../Assets.xcassets</string>
			<key>sourceTree</key>
			<string>&lt;group&gt;</string>
		</dict>
		<key>8ED0E9E51D0558C0002BC4D7</key>
		<dict>
			<key>fileRef</key>
			<string>8ED0E9E41D0558C0002BC4D7</string>
			<key>isa</key>
			<string>PBXBuildFile</string>
		</dict>
		<key>8ED0E9E61D0558C0002BC4D7</key>
		<dict>
			<key>children</key>
			<array>
				<string>8ED0E9E71D0558C0002BC4D7</string>
			</array>
			<key>isa</key>
			<string>PBXVariantGroup</string>
			<key>name</key>
			<string>LaunchScreen.storyboard</string>
			<key>path</key>
			<string>..</string>
			<key>sourceTree</key>
			<string>&lt;group&gt;</string>
		</dict>
		<key>8ED0E9E71D0558C0002BC4D7</key>
		<dict>
			<key>isa</key>
			<string>PBXFileReference</string>
			<key>lastKnownFileType</key>
			<string>file.storyboard</string>
			<key>name</key>
			<string>Base</string>
			<key>path</key>
			<string>Base.lproj/LaunchScreen.storyboard</string>
			<key>sourceTree</key>
			<string>&lt;group&gt;</string>
		</dict>
		<key>8ED0E9E81D0558C0002BC4D7</key>
		<dict>
			<key>fileRef</key>
			<string>8ED0E9E61D0558C0002BC4D7</string>
			<key>isa</key>
			<string>PBXBuildFile</string>
		</dict>
		<key>8ED0E9E91D0558C0002BC4D7</key>
		<dict>
			<key>isa</key>
			<string>PBXFileReference</string>
			<key>lastKnownFileType</key>
			<string>text.plist.xml</string>
			<key>name</key>
			<string>Info.plist</string>
			<key>path</key>
			<string>../Info.plist</string>
			<key>sourceTree</key>
			<string>&lt;group&gt;</string>
		</dict>
		<key>8ED0E9EA1D0558C0002BC4D7</key>
		<dict>
			<key>buildActionMask</key>
			<string>2147483647</string>
			<key>files</key>
			<array>
				<string>8ED0E9F31D0558C0002BC4D7</string>
			</array>
			<key>isa</key>
			<string>PBXSourcesBuildPhase</string>
			<key>runOnlyForDeploymentPostprocessing</key>
			<string>0</string>
		</dict>
		<key>8ED0E9EB1D0558C0002BC4D7</key>
		<dict>
			<key>buildActionMask</key>
			<string>2147483647</string>
			<key>files</key>
			<array/>
			<key>isa</key>
			<string>PBXFrameworksBuildPhase</string>
			<key>runOnlyForDeploymentPostprocessing</key>
			<string>0</string>
		</dict>
		<key>8ED0E9EC1D0558C0002BC4D7</key>
		<dict>
			<key>buildActionMask</key>
			<string>2147483647</string>
			<key>files</key>
			<array/>
			<key>isa</key>
			<string>PBXResourcesBuildPhase</string>
			<key>runOnlyForDeploymentPostprocessing</key>
			<string>0</string>
		</dict>
		<key>8ED0E9ED1D0558C0002BC4D7</key>
		<dict>
			<key>buildConfigurationList</key>
			<string>8ED0EA051D0558C0002BC4D7</string>
			<key>buildPhases</key>
			<array>
				<string>8ED0E9EA1D0558C0002BC4D7</string>
				<string>8ED0E9EB1D0558C0002BC4D7</string>
				<string>8ED0E9EC1D0558C0002BC4D7</string>
			</array>
			<key>buildRules</key>
			<array/>
			<key>dependencies</key>
			<array>
				<string>8ED0E9F01D0558C0002BC4D7</string>
			</array>
			<key>isa</key>
			<string>PBXNativeTarget</string>
			<key>name</key>
			<string>ComponentProjectTests</string>
			<key>productName</key>
			<string>ComponentProjectTests</string>
			<key>productReference</key>
			<string>8ED0E9EE1D0558C0002BC4D7</string>
			<key>productType</key>
			<string>com.apple.product-type.bundle.unit-test</string>
		</dict>
		<key>8ED0E9EE1D0558C0002BC4D7</key>
		<dict>
			<key>explicitFileType</key>
			<string>wrapper.cfbundle</string>
			<key>includeInIndex</key>
			<string>0</string>
			<key>isa</key>
			<string>PBXFileReference</string>
			<key>path</key>
			<string>ComponentProjectTests.xctest</string>
			<key>sourceTree</key>
			<string>BUILT_PRODUCTS_DIR</string>
		</dict>
		<key>8ED0E9EF1D0558C0002BC4D7</key>
		<dict>
			<key>containerPortal</key>
			<string>8ED0E9CD1D0558BF002BC4D7</string>
			<key>isa</key>
			<string>PBXContainerItemProxy</string>
			<key>proxyType</key>
			<string>1</string>
			<key>remoteGlobalIDString</key>
			<string>8ED0E9D41D0558BF002BC4D7</string>
			<key>remoteInfo</key>
			<string>ComponentProject</string>
		</dict>
		<key>8ED0E9F01D0558C0002BC4D7</key>
		<dict>
			<key>isa</key>
			<string>PBXTargetDependency</string>
			<key>target</key>
			<string>8ED0E9D41D0558BF002BC4D7</string>
			<key>targetProxy</key>
			<string>8ED0E9EF1D0558C0002BC4D7</string>
		</dict>
		<key>8ED0E9F11D0558C0002BC4D7</key>
		<dict>
			<key>children</key>
			<array>
				<string>8ED0E9F21D0558C0002BC4D7</string>
				<string>8ED0E9F41D0558C0002BC4D7</string>
			</array>
			<key>isa</key>
			<string>PBXGroup</string>
			<key>path</key>
			<string>ComponentProjectTests</string>
			<key>sourceTree</key>
			<string>&lt;group&gt;</string>
		</dict>
		<key>8ED0E9F21D0558C0002BC4D7</key>
		<dict>
			<key>isa</key>
			<string>PBXFileReference</string>
			<key>lastKnownFileType</key>
			<string>sourcecode.c.objc</string>
			<key>path</key>
			<string>ComponentProjectTests.m</string>
			<key>sourceTree</key>
			<string>&lt;group&gt;</string>
		</dict>
		<key>8ED0E9F31D0558C0002BC4D7</key>
		<dict>
			<key>fileRef</key>
			<string>8ED0E9F21D0558C0002BC4D7</string>
			<key>isa</key>
			<string>PBXBuildFile</string>
		</dict>
		<key>8ED0E9F41D0558C0002BC4D7</key>
		<dict>
			<key>isa</key>
			<string>PBXFileReference</string>
			<key>lastKnownFileType</key>
			<string>text.plist.xml</string>
			<key>path</key>
			<string>Info.plist</string>
			<key>sourceTree</key>
			<string>&lt;group&gt;</string>
		</dict>
		<key>8ED0E9F51D0558C0002BC4D7</key>
		<dict>
			<key>buildActionMask</key>
			<string>2147483647</string>
			<key>files</key>
			<array>
				<string>8ED0E9FE1D0558C0002BC4D7</string>
			</array>
			<key>isa</key>
			<string>PBXSourcesBuildPhase</string>
			<key>runOnlyForDeploymentPostprocessing</key>
			<string>0</string>
		</dict>
		<key>8ED0E9F61D0558C0002BC4D7</key>
		<dict>
			<key>buildActionMask</key>
			<string>2147483647</string>
			<key>files</key>
			<array/>
			<key>isa</key>
			<string>PBXFrameworksBuildPhase</string>
			<key>runOnlyForDeploymentPostprocessing</key>
			<string>0</string>
		</dict>
		<key>8ED0E9F71D0558C0002BC4D7</key>
		<dict>
			<key>buildActionMask</key>
			<string>2147483647</string>
			<key>files</key>
			<array/>
			<key>isa</key>
			<string>PBXResourcesBuildPhase</string>
			<key>runOnlyForDeploymentPostprocessing</key>
			<string>0</string>
		</dict>
		<key>8ED0E9F81D0558C0002BC4D7</key>
		<dict>
			<key>buildConfigurationList</key>
			<string>8ED0EA081D0558C0002BC4D7</string>
			<key>buildPhases</key>
			<array>
				<string>8ED0E9F51D0558C0002BC4D7</string>
				<string>8ED0E9F61D0558C0002BC4D7</string>
				<string>8ED0E9F71D0558C0002BC4D7</string>
			</array>
			<key>buildRules</key>
			<array/>
			<key>dependencies</key>
			<array>
				<string>8ED0E9FB1D0558C0002BC4D7</string>
			</array>
			<key>isa</key>
			<string>PBXNativeTarget</string>
			<key>name</key>
			<string>ComponentProjectUITests</string>
			<key>productName</key>
			<string>ComponentProjectUITests</string>
			<key>productReference</key>
			<string>8ED0E9F91D0558C0002BC4D7</string>
			<key>productType</key>
			<string>com.apple.product-type.bundle.ui-testing</string>
		</dict>
		<key>8ED0E9F91D0558C0002BC4D7</key>
		<dict>
			<key>explicitFileType</key>
			<string>wrapper.cfbundle</string>
			<key>includeInIndex</key>
			<string>0</string>
			<key>isa</key>
			<string>PBXFileReference</string>
			<key>path</key>
			<string>ComponentProjectUITests.xctest</string>
			<key>sourceTree</key>
			<string>BUILT_PRODUCTS_DIR</string>
		</dict>
		<key>8ED0E9FA1D0558C0002BC4D7</key>
		<dict>
			<key>containerPortal</key>
			<string>8ED0E9CD1D0558BF002BC4D7</string>
			<key>isa</key>
			<string>PBXContainerItemProxy</string>
			<key>proxyType</key>
			<string>1</string>
			<key>remoteGlobalIDString</key>
			<string>8ED0E9D41D0558BF002BC4D7</string>
			<key>remoteInfo</key>
			<string>ComponentProject</string>
		</dict>
		<key>8ED0E9FB1D0558C0002BC4D7</key>
		<dict>
			<key>isa</key>
			<string>PBXTargetDependency</string>
			<key>target</key>
			<string>8ED0E9D41D0558BF002BC4D7</string>
			<key>targetProxy</key>
			<string>8ED0E9FA1D0558C0002BC4D7</string>
		</dict>
		<key>8ED0E9FC1D0558C0002BC4D7</key>
		<dict>
			<key>children</key>
			<array>
				<string>8ED0E9FD1D0558C0002BC4D7</string>
				<string>8ED0E9FF1D0558C0002BC4D7</string>
			</array>
			<key>isa</key>
			<string>PBXGroup</string>
			<key>path</key>
			<string>ComponentProjectUITests</string>
			<key>sourceTree</key>
			<string>&lt;group&gt;</string>
		</dict>
		<key>8ED0E9FD1D0558C0002BC4D7</key>
		<dict>
			<key>isa</key>
			<string>PBXFileReference</string>
			<key>lastKnownFileType</key>
			<string>sourcecode.c.objc</string>
			<key>path</key>
			<string>ComponentProjectUITests.m</string>
			<key>sourceTree</key>
			<string>&lt;group&gt;</string>
		</dict>
		<key>8ED0E9FE1D0558C0002BC4D7</key>
		<dict>
			<key>fileRef</key>
			<string>8ED0E9FD1D0558C0002BC4D7</string>
			<key>isa</key>
			<string>PBXBuildFile</string>
		</dict>
		<key>8ED0E9FF1D0558C0002BC4D7</key>
		<dict>
			<key>isa</key>
			<string>PBXFileReference</string>
			<key>lastKnownFileType</key>
			<string>text.plist.xml</string>
			<key>path</key>
			<string>Info.plist</string>
			<key>sourceTree</key>
			<string>&lt;group&gt;</string>
		</dict>
		<key>8ED0EA001D0558C0002BC4D7</key>
		<dict>
			<key>buildSettings</key>
			<dict>
				<key>ALWAYS_SEARCH_USER_PATHS</key>
				<string>NO</string>
				<key>CLANG_ANALYZER_NONNULL</key>
				<string>YES</string>
				<key>CLANG_CXX_LANGUAGE_STANDARD</key>
				<string>gnu++0x</string>
				<key>CLANG_CXX_LIBRARY</key>
				<string>libc++</string>
				<key>CLANG_ENABLE_MODULES</key>
				<string>YES</string>
				<key>CLANG_ENABLE_OBJC_ARC</key>
				<string>YES</string>
				<key>CLANG_WARN_BOOL_CONVERSION</key>
				<string>YES</string>
				<key>CLANG_WARN_CONSTANT_CONVERSION</key>
				<string>YES</string>
				<key>CLANG_WARN_DIRECT_OBJC_ISA_USAGE</key>
				<string>YES_ERROR</string>
				<key>CLANG_WARN_EMPTY_BODY</key>
				<string>YES</string>
				<key>CLANG_WARN_ENUM_CONVERSION</key>
				<string>YES</string>
				<key>CLANG_WARN_INT_CONVERSION</key>
				<string>YES</string>
				<key>CLANG_WARN_OBJC_ROOT_CLASS</key>
				<string>YES_ERROR</string>
				<key>CLANG_WARN_UNREACHABLE_CODE</key>
				<string>YES</string>
				<key>CLANG_WARN__DUPLICATE_METHOD_MATCH</key>
				<string>YES</string>
				<key>CODE_SIGN_IDENTITY[sdk=iphoneos*]</key>
				<string>iPhone Developer</string>
				<key>COPY_PHASE_STRIP</key>
				<string>NO</string>
				<key>DEBUG_INFORMATION_FORMAT</key>
				<string>dwarf</string>
				<key>ENABLE_STRICT_OBJC_MSGSEND</key>
				<string>YES</string>
				<key>ENABLE_TESTABILITY</key>
				<string>YES</string>
				<key>GCC_C_LANGUAGE_STANDARD</key>
				<string>gnu99</string>
				<key>GCC_DYNAMIC_NO_PIC</key>
				<string>NO</string>
				<key>GCC_NO_COMMON_BLOCKS</key>
				<string>YES</string>
				<key>GCC_OPTIMIZATION_LEVEL</key>
				<string>0</string>
				<key>GCC_PREPROCESSOR_DEFINITIONS</key>
				<array>
					<string>DEBUG=1</string>
					<string>$(inherited)</string>
				</array>
				<key>GCC_WARN_64_TO_32_BIT_CONVERSION</key>
				<string>YES</string>
				<key>GCC_WARN_ABOUT_RETURN_TYPE</key>
				<string>YES_ERROR</string>
				<key>GCC_WARN_UNDECLARED_SELECTOR</key>
				<string>YES</string>
				<key>GCC_WARN_UNINITIALIZED_AUTOS</key>
				<string>YES_AGGRESSIVE</string>
				<key>GCC_WARN_UNUSED_FUNCTION</key>
				<string>YES</string>
				<key>GCC_WARN_UNUSED_VARIABLE</key>
				<string>YES</string>
				<key>IPHONEOS_DEPLOYMENT_TARGET</key>
				<string>9.3</string>
				<key>MTL_ENABLE_DEBUG_INFO</key>
				<string>YES</string>
				<key>ONLY_ACTIVE_ARCH</key>
				<string>YES</string>
				<key>SDKROOT</key>
				<string>iphoneos</string>
			</dict>
			<key>isa</key>
			<string>XCBuildConfiguration</string>
			<key>name</key>
			<string>Debug</string>
		</dict>
		<key>8ED0EA011D0558C0002BC4D7</key>
		<dict>
			<key>buildSettings</key>
			<dict>
				<key>ALWAYS_SEARCH_USER_PATHS</key>
				<string>NO</string>
				<key>CLANG_ANALYZER_NONNULL</key>
				<string>YES</string>
				<key>CLANG_CXX_LANGUAGE_STANDARD</key>
				<string>gnu++0x</string>
				<key>CLANG_CXX_LIBRARY</key>
				<string>libc++</string>
				<key>CLANG_ENABLE_MODULES</key>
				<string>YES</string>
				<key>CLANG_ENABLE_OBJC_ARC</key>
				<string>YES</string>
				<key>CLANG_WARN_BOOL_CONVERSION</key>
				<string>YES</string>
				<key>CLANG_WARN_CONSTANT_CONVERSION</key>
				<string>YES</string>
				<key>CLANG_WARN_DIRECT_OBJC_ISA_USAGE</key>
				<string>YES_ERROR</string>
				<key>CLANG_WARN_EMPTY_BODY</key>
				<string>YES</string>
				<key>CLANG_WARN_ENUM_CONVERSION</key>
				<string>YES</string>
				<key>CLANG_WARN_INT_CONVERSION</key>
				<string>YES</string>
				<key>CLANG_WARN_OBJC_ROOT_CLASS</key>
				<string>YES_ERROR</string>
				<key>CLANG_WARN_UNREACHABLE_CODE</key>
				<string>YES</string>
				<key>CLANG_WARN__DUPLICATE_METHOD_MATCH</key>
				<string>YES</string>
				<key>CODE_SIGN_IDENTITY[sdk=iphoneos*]</key>
				<string>iPhone Developer</string>
				<key>COPY_PHASE_STRIP</key>
				<string>NO</string>
				<key>DEBUG_INFORMATION_FORMAT</key>
				<string>dwarf-with-dsym</string>
				<key>ENABLE_NS_ASSERTIONS</key>
				<string>NO</string>
				<key>ENABLE_STRICT_OBJC_MSGSEND</key>
				<string>YES</string>
				<key>GCC_C_LANGUAGE_STANDARD</key>
				<string>gnu99</string>
				<key>GCC_NO_COMMON_BLOCKS</key>
				<string>YES</string>
				<key>GCC_WARN_64_TO_32_BIT_CONVERSION</key>
				<string>YES</string>
				<key>GCC_WARN_ABOUT_RETURN_TYPE</key>
				<string>YES_ERROR</string>
				<key>GCC_WARN_UNDECLARED_SELECTOR</key>
				<string>YES</string>
				<key>GCC_WARN_UNINITIALIZED_AUTOS</key>
				<string>YES_AGGRESSIVE</string>
				<key>GCC_WARN_UNUSED_FUNCTION</key>
				<string>YES</string>
				<key>GCC_WARN_UNUSED_VARIABLE</key>
				<string>YES</string>
				<key>IPHONEOS_DEPLOYMENT_TARGET</key>
				<string>9.3</string>
				<key>MTL_ENABLE_DEBUG_INFO</key>
				<string>NO</string>
				<key>SDKROOT</key>
				<string>iphoneos</string>
				<key>VALIDATE_PRODUCT</key>
				<string>YES</string>
			</dict>
			<key>isa</key>
			<string>XCBuildConfiguration</string>
			<key>name</key>
			<string>Release</string>
		</dict>
		<key>8ED0EA021D0558C0002BC4D7</key>
		<dict>
			<key>buildConfigurations</key>
			<array>
				<string>8ED0EA031D0558C0002BC4D7</string>
				<string>8ED0EA041D0558C0002BC4D7</string>
			</array>
			<key>defaultConfigurationIsVisible</key>
			<string>0</string>
			<key>defaultConfigurationName</key>
			<string>Release</string>
			<key>isa</key>
			<string>XCConfigurationList</string>
		</dict>
		<key>8ED0EA031D0558C0002BC4D7</key>
		<dict>
			<key>baseConfigurationReference</key>
			<string>9521F56F3ABE83E5054AA242</string>
			<key>buildSettings</key>
			<dict>
				<key>ASSETCATALOG_COMPILER_APPICON_NAME</key>
				<string>AppIcon</string>
				<key>GCC_PREFIX_HEADER</key>
				<string>$(SRCROOT)/ComponentProject/Other/PrefixHeader.pch</string>
				<key>INFOPLIST_FILE</key>
				<string>ComponentProject/Info.plist</string>
				<key>LD_RUNPATH_SEARCH_PATHS</key>
				<string>$(inherited) @executable_path/Frameworks</string>
				<key>PRODUCT_BUNDLE_IDENTIFIER</key>
				<string>com.liucheng.ComponentProject</string>
				<key>PRODUCT_NAME</key>
				<string>$(TARGET_NAME)</string>
			</dict>
			<key>isa</key>
			<string>XCBuildConfiguration</string>
			<key>name</key>
			<string>Debug</string>
		</dict>
		<key>8ED0EA041D0558C0002BC4D7</key>
		<dict>
			<key>baseConfigurationReference</key>
			<string>B86CF103F93F4348075E7B4D</string>
			<key>buildSettings</key>
			<dict>
				<key>ASSETCATALOG_COMPILER_APPICON_NAME</key>
				<string>AppIcon</string>
				<key>GCC_PREFIX_HEADER</key>
				<string>$(SRCROOT)/ComponentProject/Other/PrefixHeader.pch</string>
				<key>INFOPLIST_FILE</key>
				<string>ComponentProject/Info.plist</string>
				<key>LD_RUNPATH_SEARCH_PATHS</key>
				<string>$(inherited) @executable_path/Frameworks</string>
				<key>PRODUCT_BUNDLE_IDENTIFIER</key>
				<string>com.liucheng.ComponentProject</string>
				<key>PRODUCT_NAME</key>
				<string>$(TARGET_NAME)</string>
			</dict>
			<key>isa</key>
			<string>XCBuildConfiguration</string>
			<key>name</key>
			<string>Release</string>
		</dict>
		<key>8ED0EA051D0558C0002BC4D7</key>
		<dict>
			<key>buildConfigurations</key>
			<array>
				<string>8ED0EA061D0558C0002BC4D7</string>
				<string>8ED0EA071D0558C0002BC4D7</string>
			</array>
			<key>defaultConfigurationIsVisible</key>
			<string>0</string>
			<key>defaultConfigurationName</key>
			<string>Release</string>
			<key>isa</key>
			<string>XCConfigurationList</string>
		</dict>
		<key>8ED0EA061D0558C0002BC4D7</key>
		<dict>
			<key>buildSettings</key>
			<dict>
				<key>BUNDLE_LOADER</key>
				<string>$(TEST_HOST)</string>
				<key>INFOPLIST_FILE</key>
				<string>ComponentProjectTests/Info.plist</string>
				<key>LD_RUNPATH_SEARCH_PATHS</key>
				<string>$(inherited) @executable_path/Frameworks @loader_path/Frameworks</string>
				<key>PRODUCT_BUNDLE_IDENTIFIER</key>
				<string>com.liucheng.ComponentProjectTests</string>
				<key>PRODUCT_NAME</key>
				<string>$(TARGET_NAME)</string>
				<key>TEST_HOST</key>
				<string>$(BUILT_PRODUCTS_DIR)/ComponentProject.app/ComponentProject</string>
			</dict>
			<key>isa</key>
			<string>XCBuildConfiguration</string>
			<key>name</key>
			<string>Debug</string>
		</dict>
		<key>8ED0EA071D0558C0002BC4D7</key>
		<dict>
			<key>buildSettings</key>
			<dict>
				<key>BUNDLE_LOADER</key>
				<string>$(TEST_HOST)</string>
				<key>INFOPLIST_FILE</key>
				<string>ComponentProjectTests/Info.plist</string>
				<key>LD_RUNPATH_SEARCH_PATHS</key>
				<string>$(inherited) @executable_path/Frameworks @loader_path/Frameworks</string>
				<key>PRODUCT_BUNDLE_IDENTIFIER</key>
				<string>com.liucheng.ComponentProjectTests</string>
				<key>PRODUCT_NAME</key>
				<string>$(TARGET_NAME)</string>
				<key>TEST_HOST</key>
				<string>$(BUILT_PRODUCTS_DIR)/ComponentProject.app/ComponentProject</string>
			</dict>
			<key>isa</key>
			<string>XCBuildConfiguration</string>
			<key>name</key>
			<string>Release</string>
		</dict>
		<key>8ED0EA081D0558C0002BC4D7</key>
		<dict>
			<key>buildConfigurations</key>
			<array>
				<string>8ED0EA091D0558C0002BC4D7</string>
				<string>8ED0EA0A1D0558C0002BC4D7</string>
			</array>
			<key>defaultConfigurationIsVisible</key>
			<string>0</string>
			<key>defaultConfigurationName</key>
			<string>Release</string>
			<key>isa</key>
			<string>XCConfigurationList</string>
		</dict>
		<key>8ED0EA091D0558C0002BC4D7</key>
		<dict>
			<key>buildSettings</key>
			<dict>
				<key>INFOPLIST_FILE</key>
				<string>ComponentProjectUITests/Info.plist</string>
				<key>LD_RUNPATH_SEARCH_PATHS</key>
				<string>$(inherited) @executable_path/Frameworks @loader_path/Frameworks</string>
				<key>PRODUCT_BUNDLE_IDENTIFIER</key>
				<string>com.liucheng.ComponentProjectUITests</string>
				<key>PRODUCT_NAME</key>
				<string>$(TARGET_NAME)</string>
				<key>TEST_TARGET_NAME</key>
				<string>ComponentProject</string>
			</dict>
			<key>isa</key>
			<string>XCBuildConfiguration</string>
			<key>name</key>
			<string>Debug</string>
		</dict>
		<key>8ED0EA0A1D0558C0002BC4D7</key>
		<dict>
			<key>buildSettings</key>
			<dict>
				<key>INFOPLIST_FILE</key>
				<string>ComponentProjectUITests/Info.plist</string>
				<key>LD_RUNPATH_SEARCH_PATHS</key>
				<string>$(inherited) @executable_path/Frameworks @loader_path/Frameworks</string>
				<key>PRODUCT_BUNDLE_IDENTIFIER</key>
				<string>com.liucheng.ComponentProjectUITests</string>
				<key>PRODUCT_NAME</key>
				<string>$(TARGET_NAME)</string>
				<key>TEST_TARGET_NAME</key>
				<string>ComponentProject</string>
			</dict>
			<key>isa</key>
			<string>XCBuildConfiguration</string>
			<key>name</key>
			<string>Release</string>
		</dict>
		<key>8ED0EA0B1D055DAD002BC4D7</key>
		<dict>
			<key>children</key>
			<array/>
			<key>isa</key>
			<string>PBXGroup</string>
			<key>name</key>
			<string>FrameWork</string>
			<key>path</key>
			<string>ComponentProject/FrameWork</string>
			<key>sourceTree</key>
			<string>&lt;group&gt;</string>
		</dict>
		<key>8ED0EA0D1D055DD7002BC4D7</key>
		<dict>
			<key>children</key>
			<array>
				<string>8ED0E9DB1D0558C0002BC4D7</string>
				<string>8ED0E9DC1D0558C0002BC4D7</string>
				<string>8ED0E9E41D0558C0002BC4D7</string>
				<string>8ED0E9E61D0558C0002BC4D7</string>
				<string>8ED0E9E91D0558C0002BC4D7</string>
				<string>8ED0E9D81D0558C0002BC4D7</string>
				<string>8ED0EA2E1D056385002BC4D7</string>
			</array>
			<key>isa</key>
			<string>PBXGroup</string>
			<key>path</key>
			<string>Other</string>
			<key>sourceTree</key>
			<string>&lt;group&gt;</string>
		</dict>
		<key>8ED0EA0E1D055E24002BC4D7</key>
		<dict>
			<key>children</key>
			<array>
				<string>8ED0EA131D056033002BC4D7</string>
				<string>8ED0EA141D056033002BC4D7</string>
				<string>8ED0EA161D056058002BC4D7</string>
				<string>8ED0EA171D056058002BC4D7</string>
				<string>8ED0EA191D05606B002BC4D7</string>
				<string>8ED0EA1A1D05606B002BC4D7</string>
				<string>8ED0EA251D0562F8002BC4D7</string>
				<string>8ED0EA261D0562F8002BC4D7</string>
				<string>8ED0EA2B1D056368002BC4D7</string>
				<string>8ED0EA2C1D056368002BC4D7</string>
			</array>
			<key>isa</key>
			<string>PBXGroup</string>
			<key>path</key>
			<string>BasePart</string>
			<key>sourceTree</key>
			<string>&lt;group&gt;</string>
		</dict>
		<key>8ED0EA0F1D055E8E002BC4D7</key>
		<dict>
			<key>children</key>
			<array>
				<string>8ED0EA541D057574002BC4D7</string>
				<string>8ED0EA551D057574002BC4D7</string>
			</array>
			<key>isa</key>
			<string>PBXGroup</string>
			<key>path</key>
			<string>CommonUI</string>
			<key>sourceTree</key>
			<string>&lt;group&gt;</string>
		</dict>
		<key>8ED0EA101D055ECA002BC4D7</key>
		<dict>
			<key>children</key>
			<array>
				<string>8ED0EA411D0574DC002BC4D7</string>
				<string>8ED0EA3F1D057423002BC4D7</string>
				<string>8ED0EA2F1D056A2E002BC4D7</string>
			</array>
			<key>isa</key>
			<string>PBXGroup</string>
			<key>path</key>
			<string>ToolPart</string>
			<key>sourceTree</key>
			<string>&lt;group&gt;</string>
		</dict>
		<key>8ED0EA111D055EE7002BC4D7</key>
		<dict>
			<key>children</key>
			<array>
				<string>8ED0EA7E1D057822002BC4D7</string>
				<string>8ED0EA711D05779F002BC4D7</string>
				<string>8ED0EA6D1D05770D002BC4D7</string>
				<string>8ED0EA691D0576E4002BC4D7</string>
			</array>
			<key>isa</key>
			<string>PBXGroup</string>
			<key>path</key>
			<string>ThreeParty</string>
			<key>sourceTree</key>
			<string>&lt;group&gt;</string>
		</dict>
		<key>8ED0EA121D055F03002BC4D7</key>
		<dict>
			<key>children</key>
			<array>
				<string>8ED0EA1C1D0562B1002BC4D7</string>
				<string>8ED0EA1D1D0562B1002BC4D7</string>
				<string>8ED0EA1E1D0562B1002BC4D7</string>
			</array>
			<key>isa</key>
			<string>PBXGroup</string>
			<key>path</key>
			<string>Modules</string>
			<key>sourceTree</key>
			<string>&lt;group&gt;</string>
		</dict>
		<key>8ED0EA131D056033002BC4D7</key>
		<dict>
			<key>fileEncoding</key>
			<string>4</string>
			<key>isa</key>
			<string>PBXFileReference</string>
			<key>lastKnownFileType</key>
			<string>sourcecode.c.h</string>
			<key>path</key>
			<string>BaseManger.h</string>
			<key>sourceTree</key>
			<string>&lt;group&gt;</string>
		</dict>
		<key>8ED0EA141D056033002BC4D7</key>
		<dict>
			<key>fileEncoding</key>
			<string>4</string>
			<key>isa</key>
			<string>PBXFileReference</string>
			<key>lastKnownFileType</key>
			<string>sourcecode.c.objc</string>
			<key>path</key>
			<string>BaseManger.m</string>
			<key>sourceTree</key>
			<string>&lt;group&gt;</string>
		</dict>
		<key>8ED0EA151D056033002BC4D7</key>
		<dict>
			<key>fileRef</key>
			<string>8ED0EA141D056033002BC4D7</string>
			<key>isa</key>
			<string>PBXBuildFile</string>
		</dict>
		<key>8ED0EA161D056058002BC4D7</key>
		<dict>
			<key>fileEncoding</key>
			<string>4</string>
			<key>isa</key>
			<string>PBXFileReference</string>
			<key>lastKnownFileType</key>
			<string>sourcecode.c.h</string>
			<key>path</key>
			<string>BaseViewController.h</string>
			<key>sourceTree</key>
			<string>&lt;group&gt;</string>
		</dict>
		<key>8ED0EA171D056058002BC4D7</key>
		<dict>
			<key>fileEncoding</key>
			<string>4</string>
			<key>isa</key>
			<string>PBXFileReference</string>
			<key>lastKnownFileType</key>
			<string>sourcecode.c.objc</string>
			<key>path</key>
			<string>BaseViewController.m</string>
			<key>sourceTree</key>
			<string>&lt;group&gt;</string>
		</dict>
		<key>8ED0EA181D056058002BC4D7</key>
		<dict>
			<key>fileRef</key>
			<string>8ED0EA171D056058002BC4D7</string>
			<key>isa</key>
			<string>PBXBuildFile</string>
		</dict>
		<key>8ED0EA191D05606B002BC4D7</key>
		<dict>
			<key>fileEncoding</key>
			<string>4</string>
			<key>isa</key>
			<string>PBXFileReference</string>
			<key>lastKnownFileType</key>
			<string>sourcecode.c.h</string>
			<key>path</key>
			<string>BaseTableViewCell.h</string>
			<key>sourceTree</key>
			<string>&lt;group&gt;</string>
		</dict>
		<key>8ED0EA1A1D05606B002BC4D7</key>
		<dict>
			<key>fileEncoding</key>
			<string>4</string>
			<key>isa</key>
			<string>PBXFileReference</string>
			<key>lastKnownFileType</key>
			<string>sourcecode.c.objc</string>
			<key>path</key>
			<string>BaseTableViewCell.m</string>
			<key>sourceTree</key>
			<string>&lt;group&gt;</string>
		</dict>
		<key>8ED0EA1B1D05606B002BC4D7</key>
		<dict>
			<key>fileRef</key>
			<string>8ED0EA1A1D05606B002BC4D7</string>
			<key>isa</key>
			<string>PBXBuildFile</string>
		</dict>
		<key>8ED0EA1C1D0562B1002BC4D7</key>
		<dict>
			<key>children</key>
			<array>
				<string>8ED0EA1F1D0562BE002BC4D7</string>
				<string>8ED0EA201D0562BE002BC4D7</string>
			</array>
			<key>isa</key>
			<string>PBXGroup</string>
			<key>path</key>
			<string>Guide</string>
			<key>sourceTree</key>
			<string>&lt;group&gt;</string>
		</dict>
		<key>8ED0EA1D1D0562B1002BC4D7</key>
		<dict>
			<key>children</key>
			<array>
				<string>8ED0EA221D0562C9002BC4D7</string>
				<string>8ED0EA231D0562C9002BC4D7</string>
			</array>
			<key>isa</key>
			<string>PBXGroup</string>
			<key>path</key>
			<string>Login&amp;Register</string>
			<key>sourceTree</key>
			<string>&lt;group&gt;</string>
		</dict>
		<key>8ED0EA1E1D0562B1002BC4D7</key>
		<dict>
			<key>children</key>
			<array>
				<string>8ED0EA281D056335002BC4D7</string>
				<string>8ED0EA291D056335002BC4D7</string>
			</array>
			<key>isa</key>
			<string>PBXGroup</string>
			<key>path</key>
			<string>Main</string>
			<key>sourceTree</key>
			<string>&lt;group&gt;</string>
		</dict>
		<key>8ED0EA1F1D0562BE002BC4D7</key>
		<dict>
			<key>fileEncoding</key>
			<string>4</string>
			<key>isa</key>
			<string>PBXFileReference</string>
			<key>lastKnownFileType</key>
			<string>sourcecode.c.h</string>
			<key>path</key>
			<string>GuideViewController.h</string>
			<key>sourceTree</key>
			<string>&lt;group&gt;</string>
		</dict>
		<key>8ED0EA201D0562BE002BC4D7</key>
		<dict>
			<key>fileEncoding</key>
			<string>4</string>
			<key>isa</key>
			<string>PBXFileReference</string>
			<key>lastKnownFileType</key>
			<string>sourcecode.c.objc</string>
			<key>path</key>
			<string>GuideViewController.m</string>
			<key>sourceTree</key>
			<string>&lt;group&gt;</string>
		</dict>
		<key>8ED0EA211D0562BE002BC4D7</key>
		<dict>
			<key>fileRef</key>
			<string>8ED0EA201D0562BE002BC4D7</string>
			<key>isa</key>
			<string>PBXBuildFile</string>
		</dict>
		<key>8ED0EA221D0562C9002BC4D7</key>
		<dict>
			<key>fileEncoding</key>
			<string>4</string>
			<key>isa</key>
			<string>PBXFileReference</string>
			<key>lastKnownFileType</key>
			<string>sourcecode.c.h</string>
			<key>path</key>
			<string>LoginViewController.h</string>
			<key>sourceTree</key>
			<string>&lt;group&gt;</string>
		</dict>
		<key>8ED0EA231D0562C9002BC4D7</key>
		<dict>
			<key>fileEncoding</key>
			<string>4</string>
			<key>isa</key>
			<string>PBXFileReference</string>
			<key>lastKnownFileType</key>
			<string>sourcecode.c.objc</string>
			<key>path</key>
			<string>LoginViewController.m</string>
			<key>sourceTree</key>
			<string>&lt;group&gt;</string>
		</dict>
		<key>8ED0EA241D0562C9002BC4D7</key>
		<dict>
			<key>fileRef</key>
			<string>8ED0EA231D0562C9002BC4D7</string>
			<key>isa</key>
			<string>PBXBuildFile</string>
		</dict>
		<key>8ED0EA251D0562F8002BC4D7</key>
		<dict>
			<key>fileEncoding</key>
			<string>4</string>
			<key>isa</key>
			<string>PBXFileReference</string>
			<key>lastKnownFileType</key>
			<string>sourcecode.c.h</string>
			<key>path</key>
			<string>BaseNavigationController.h</string>
			<key>sourceTree</key>
			<string>&lt;group&gt;</string>
		</dict>
		<key>8ED0EA261D0562F8002BC4D7</key>
		<dict>
			<key>fileEncoding</key>
			<string>4</string>
			<key>isa</key>
			<string>PBXFileReference</string>
			<key>lastKnownFileType</key>
			<string>sourcecode.c.objc</string>
			<key>path</key>
			<string>BaseNavigationController.m</string>
			<key>sourceTree</key>
			<string>&lt;group&gt;</string>
		</dict>
		<key>8ED0EA271D0562F8002BC4D7</key>
		<dict>
			<key>fileRef</key>
			<string>8ED0EA261D0562F8002BC4D7</string>
			<key>isa</key>
			<string>PBXBuildFile</string>
		</dict>
		<key>8ED0EA281D056335002BC4D7</key>
		<dict>
			<key>fileEncoding</key>
			<string>4</string>
			<key>isa</key>
			<string>PBXFileReference</string>
			<key>lastKnownFileType</key>
			<string>sourcecode.c.h</string>
			<key>path</key>
			<string>MainTabBarController.h</string>
			<key>sourceTree</key>
			<string>&lt;group&gt;</string>
		</dict>
		<key>8ED0EA291D056335002BC4D7</key>
		<dict>
			<key>fileEncoding</key>
			<string>4</string>
			<key>isa</key>
			<string>PBXFileReference</string>
			<key>lastKnownFileType</key>
			<string>sourcecode.c.objc</string>
			<key>path</key>
			<string>MainTabBarController.m</string>
			<key>sourceTree</key>
			<string>&lt;group&gt;</string>
		</dict>
		<key>8ED0EA2A1D056335002BC4D7</key>
		<dict>
			<key>fileRef</key>
			<string>8ED0EA291D056335002BC4D7</string>
			<key>isa</key>
			<string>PBXBuildFile</string>
		</dict>
		<key>8ED0EA2B1D056368002BC4D7</key>
		<dict>
			<key>fileEncoding</key>
			<string>4</string>
			<key>isa</key>
			<string>PBXFileReference</string>
			<key>lastKnownFileType</key>
			<string>sourcecode.c.h</string>
			<key>path</key>
			<string>UserInfoModel.h</string>
			<key>sourceTree</key>
			<string>&lt;group&gt;</string>
		</dict>
		<key>8ED0EA2C1D056368002BC4D7</key>
		<dict>
			<key>fileEncoding</key>
			<string>4</string>
			<key>isa</key>
			<string>PBXFileReference</string>
			<key>lastKnownFileType</key>
			<string>sourcecode.c.objc</string>
			<key>path</key>
			<string>UserInfoModel.m</string>
			<key>sourceTree</key>
			<string>&lt;group&gt;</string>
		</dict>
		<key>8ED0EA2D1D056368002BC4D7</key>
		<dict>
			<key>fileRef</key>
			<string>8ED0EA2C1D056368002BC4D7</string>
			<key>isa</key>
			<string>PBXBuildFile</string>
		</dict>
		<key>8ED0EA2E1D056385002BC4D7</key>
		<dict>
			<key>isa</key>
			<string>PBXFileReference</string>
			<key>lastKnownFileType</key>
			<string>sourcecode.c.h</string>
			<key>path</key>
			<string>PrefixHeader.pch</string>
			<key>sourceTree</key>
			<string>&lt;group&gt;</string>
		</dict>
		<key>8ED0EA2F1D056A2E002BC4D7</key>
		<dict>
			<key>children</key>
			<array>
				<string>8ED0EA571D057596002BC4D7</string>
				<string>8ED0EA581D057596002BC4D7</string>
				<string>8ED0EA591D057596002BC4D7</string>
				<string>8ED0EA5A1D057596002BC4D7</string>
				<string>8ED0EA301D056B23002BC4D7</string>
				<string>8ED0EA311D056B23002BC4D7</string>
				<string>8ED0EA481D057552002BC4D7</string>
				<string>8ED0EA491D057552002BC4D7</string>
				<string>8ED0EA4A1D057552002BC4D7</string>
				<string>8ED0EA4B1D057552002BC4D7</string>
				<string>8ED0EA4C1D057552002BC4D7</string>
				<string>8ED0EA4D1D057552002BC4D7</string>
				<string>8ED0EA4E1D057552002BC4D7</string>
				<string>8ED0EA4F1D057552002BC4D7</string>
				<string>8ED0EA8B1D057A8C002BC4D7</string>
				<string>8ED0EA8C1D057A8C002BC4D7</string>
			</array>
			<key>isa</key>
			<string>PBXGroup</string>
			<key>path</key>
			<string>Categories</string>
			<key>sourceTree</key>
			<string>&lt;group&gt;</string>
		</dict>
		<key>8ED0EA301D056B23002BC4D7</key>
		<dict>
			<key>fileEncoding</key>
			<string>4</string>
			<key>isa</key>
			<string>PBXFileReference</string>
			<key>lastKnownFileType</key>
			<string>sourcecode.c.h</string>
			<key>path</key>
			<string>UINavigationBar+Awesome.h</string>
			<key>sourceTree</key>
			<string>&lt;group&gt;</string>
		</dict>
		<key>8ED0EA311D056B23002BC4D7</key>
		<dict>
			<key>fileEncoding</key>
			<string>4</string>
			<key>isa</key>
			<string>PBXFileReference</string>
			<key>lastKnownFileType</key>
			<string>sourcecode.c.objc</string>
			<key>path</key>
			<string>UINavigationBar+Awesome.m</string>
			<key>sourceTree</key>
			<string>&lt;group&gt;</string>
		</dict>
		<key>8ED0EA321D056B23002BC4D7</key>
		<dict>
			<key>fileRef</key>
			<string>8ED0EA311D056B23002BC4D7</string>
			<key>isa</key>
			<string>PBXBuildFile</string>
		</dict>
		<key>8ED0EA3F1D057423002BC4D7</key>
		<dict>
			<key>children</key>
			<array>
				<string>8ED0EA401D057433002BC4D7</string>
				<string>8ED0EA8E1D057B17002BC4D7</string>
				<string>8ED0EA8F1D057B17002BC4D7</string>
				<string>8ED0EA901D057B17002BC4D7</string>
				<string>8ED0EA911D057B17002BC4D7</string>
				<string>8ED0EA921D057B17002BC4D7</string>
				<string>8ED0EA931D057B17002BC4D7</string>
				<string>8ED0EA941D057B17002BC4D7</string>
				<string>8ED0EA951D057B17002BC4D7</string>
			</array>
			<key>isa</key>
			<string>PBXGroup</string>
			<key>path</key>
			<string>HTTPTOOL</string>
			<key>sourceTree</key>
			<string>&lt;group&gt;</string>
		</dict>
		<key>8ED0EA401D057433002BC4D7</key>
		<dict>
			<key>isa</key>
			<string>PBXFileReference</string>
			<key>lastKnownFileType</key>
			<string>sourcecode.c.h</string>
			<key>path</key>
			<string>HTTPHeader.h</string>
			<key>sourceTree</key>
			<string>&lt;group&gt;</string>
		</dict>
		<key>8ED0EA411D0574DC002BC4D7</key>
		<dict>
			<key>children</key>
			<array>
				<string>8ED0EA631D0576A8002BC4D7</string>
				<string>8ED0EA641D0576A8002BC4D7</string>
				<string>8ED0EA661D0576B7002BC4D7</string>
				<string>8ED0EA671D0576B7002BC4D7</string>
				<string>8ED0EA5D1D05768C002BC4D7</string>
				<string>8ED0EA5E1D05768C002BC4D7</string>
				<string>8ED0EA5F1D05768C002BC4D7</string>
				<string>8ED0EA601D05768C002BC4D7</string>
				<string>8ED0EA421D0574E7002BC4D7</string>
				<string>8ED0EA431D0574E7002BC4D7</string>
			</array>
			<key>isa</key>
			<string>PBXGroup</string>
			<key>path</key>
			<string>TOOLClass</string>
			<key>sourceTree</key>
			<string>&lt;group&gt;</string>
		</dict>
		<key>8ED0EA421D0574E7002BC4D7</key>
		<dict>
			<key>fileEncoding</key>
			<string>4</string>
			<key>isa</key>
			<string>PBXFileReference</string>
			<key>lastKnownFileType</key>
			<string>sourcecode.c.h</string>
			<key>path</key>
			<string>ZWEmoji.h</string>
			<key>sourceTree</key>
			<string>&lt;group&gt;</string>
		</dict>
		<key>8ED0EA431D0574E7002BC4D7</key>
		<dict>
			<key>fileEncoding</key>
			<string>4</string>
			<key>isa</key>
			<string>PBXFileReference</string>
			<key>lastKnownFileType</key>
			<string>sourcecode.c.objc</string>
			<key>path</key>
			<string>ZWEmoji.m</string>
			<key>sourceTree</key>
			<string>&lt;group&gt;</string>
		</dict>
		<key>8ED0EA441D0574E7002BC4D7</key>
		<dict>
			<key>fileRef</key>
			<string>8ED0EA431D0574E7002BC4D7</string>
			<key>isa</key>
			<string>PBXBuildFile</string>
		</dict>
		<key>8ED0EA481D057552002BC4D7</key>
		<dict>
			<key>fileEncoding</key>
			<string>4</string>
			<key>isa</key>
			<string>PBXFileReference</string>
			<key>lastKnownFileType</key>
			<string>sourcecode.c.h</string>
			<key>path</key>
			<string>NSDate+LC.h</string>
			<key>sourceTree</key>
			<string>&lt;group&gt;</string>
		</dict>
		<key>8ED0EA491D057552002BC4D7</key>
		<dict>
			<key>fileEncoding</key>
			<string>4</string>
			<key>isa</key>
			<string>PBXFileReference</string>
			<key>lastKnownFileType</key>
			<string>sourcecode.c.objc</string>
			<key>path</key>
			<string>NSDate+LC.m</string>
			<key>sourceTree</key>
			<string>&lt;group&gt;</string>
		</dict>
		<key>8ED0EA4A1D057552002BC4D7</key>
		<dict>
			<key>fileEncoding</key>
			<string>4</string>
			<key>isa</key>
			<string>PBXFileReference</string>
			<key>lastKnownFileType</key>
			<string>sourcecode.c.h</string>
			<key>path</key>
			<string>NSDateFormatter+Category.h</string>
			<key>sourceTree</key>
			<string>&lt;group&gt;</string>
		</dict>
		<key>8ED0EA4B1D057552002BC4D7</key>
		<dict>
			<key>fileEncoding</key>
			<string>4</string>
			<key>isa</key>
			<string>PBXFileReference</string>
			<key>lastKnownFileType</key>
			<string>sourcecode.c.objc</string>
			<key>path</key>
			<string>NSDateFormatter+Category.m</string>
			<key>sourceTree</key>
			<string>&lt;group&gt;</string>
		</dict>
		<key>8ED0EA4C1D057552002BC4D7</key>
		<dict>
			<key>fileEncoding</key>
			<string>4</string>
			<key>isa</key>
			<string>PBXFileReference</string>
			<key>lastKnownFileType</key>
			<string>sourcecode.c.h</string>
			<key>path</key>
			<string>NSString+Extention.h</string>
			<key>sourceTree</key>
			<string>&lt;group&gt;</string>
		</dict>
		<key>8ED0EA4D1D057552002BC4D7</key>
		<dict>
			<key>fileEncoding</key>
			<string>4</string>
			<key>isa</key>
			<string>PBXFileReference</string>
			<key>lastKnownFileType</key>
			<string>sourcecode.c.objc</string>
			<key>path</key>
			<string>NSString+Extention.m</string>
			<key>sourceTree</key>
			<string>&lt;group&gt;</string>
		</dict>
		<key>8ED0EA4E1D057552002BC4D7</key>
		<dict>
			<key>fileEncoding</key>
			<string>4</string>
			<key>isa</key>
			<string>PBXFileReference</string>
			<key>lastKnownFileType</key>
			<string>sourcecode.c.h</string>
			<key>path</key>
			<string>UIBarButtonItem+MJ.h</string>
			<key>sourceTree</key>
			<string>&lt;group&gt;</string>
		</dict>
		<key>8ED0EA4F1D057552002BC4D7</key>
		<dict>
			<key>fileEncoding</key>
			<string>4</string>
			<key>isa</key>
			<string>PBXFileReference</string>
			<key>lastKnownFileType</key>
			<string>sourcecode.c.objc</string>
			<key>path</key>
			<string>UIBarButtonItem+MJ.m</string>
			<key>sourceTree</key>
			<string>&lt;group&gt;</string>
		</dict>
		<key>8ED0EA501D057552002BC4D7</key>
		<dict>
			<key>fileRef</key>
			<string>8ED0EA491D057552002BC4D7</string>
			<key>isa</key>
			<string>PBXBuildFile</string>
		</dict>
		<key>8ED0EA511D057552002BC4D7</key>
		<dict>
			<key>fileRef</key>
			<string>8ED0EA4B1D057552002BC4D7</string>
			<key>isa</key>
			<string>PBXBuildFile</string>
		</dict>
		<key>8ED0EA521D057552002BC4D7</key>
		<dict>
			<key>fileRef</key>
			<string>8ED0EA4D1D057552002BC4D7</string>
			<key>isa</key>
			<string>PBXBuildFile</string>
		</dict>
		<key>8ED0EA531D057552002BC4D7</key>
		<dict>
			<key>fileRef</key>
			<string>8ED0EA4F1D057552002BC4D7</string>
			<key>isa</key>
			<string>PBXBuildFile</string>
		</dict>
		<key>8ED0EA541D057574002BC4D7</key>
		<dict>
			<key>fileEncoding</key>
			<string>4</string>
			<key>isa</key>
			<string>PBXFileReference</string>
			<key>lastKnownFileType</key>
			<string>sourcecode.c.h</string>
			<key>path</key>
			<string>UIColor+Common.h</string>
			<key>sourceTree</key>
			<string>&lt;group&gt;</string>
		</dict>
		<key>8ED0EA551D057574002BC4D7</key>
		<dict>
			<key>fileEncoding</key>
			<string>4</string>
			<key>isa</key>
			<string>PBXFileReference</string>
			<key>lastKnownFileType</key>
			<string>sourcecode.c.objc</string>
			<key>path</key>
			<string>UIColor+Common.m</string>
			<key>sourceTree</key>
			<string>&lt;group&gt;</string>
		</dict>
		<key>8ED0EA561D057574002BC4D7</key>
		<dict>
			<key>fileRef</key>
			<string>8ED0EA551D057574002BC4D7</string>
			<key>isa</key>
			<string>PBXBuildFile</string>
		</dict>
		<key>8ED0EA571D057596002BC4D7</key>
		<dict>
			<key>fileEncoding</key>
			<string>4</string>
			<key>isa</key>
			<string>PBXFileReference</string>
			<key>lastKnownFileType</key>
			<string>sourcecode.c.h</string>
			<key>path</key>
			<string>UIImage+Extention.h</string>
			<key>sourceTree</key>
			<string>&lt;group&gt;</string>
		</dict>
		<key>8ED0EA581D057596002BC4D7</key>
		<dict>
			<key>fileEncoding</key>
			<string>4</string>
			<key>isa</key>
			<string>PBXFileReference</string>
			<key>lastKnownFileType</key>
			<string>sourcecode.c.objc</string>
			<key>path</key>
			<string>UIImage+Extention.m</string>
			<key>sourceTree</key>
			<string>&lt;group&gt;</string>
		</dict>
		<key>8ED0EA591D057596002BC4D7</key>
		<dict>
			<key>fileEncoding</key>
			<string>4</string>
			<key>isa</key>
			<string>PBXFileReference</string>
			<key>lastKnownFileType</key>
			<string>sourcecode.c.h</string>
			<key>path</key>
			<string>UIView+Extension.h</string>
			<key>sourceTree</key>
			<string>&lt;group&gt;</string>
		</dict>
		<key>8ED0EA5A1D057596002BC4D7</key>
		<dict>
			<key>fileEncoding</key>
			<string>4</string>
			<key>isa</key>
			<string>PBXFileReference</string>
			<key>lastKnownFileType</key>
			<string>sourcecode.c.objc</string>
			<key>path</key>
			<string>UIView+Extension.m</string>
			<key>sourceTree</key>
			<string>&lt;group&gt;</string>
		</dict>
		<key>8ED0EA5B1D057596002BC4D7</key>
		<dict>
			<key>fileRef</key>
			<string>8ED0EA581D057596002BC4D7</string>
			<key>isa</key>
			<string>PBXBuildFile</string>
		</dict>
		<key>8ED0EA5C1D057596002BC4D7</key>
		<dict>
			<key>fileRef</key>
			<string>8ED0EA5A1D057596002BC4D7</string>
			<key>isa</key>
			<string>PBXBuildFile</string>
		</dict>
		<key>8ED0EA5D1D05768C002BC4D7</key>
		<dict>
			<key>fileEncoding</key>
			<string>4</string>
			<key>isa</key>
			<string>PBXFileReference</string>
			<key>lastKnownFileType</key>
			<string>sourcecode.c.h</string>
			<key>path</key>
			<string>Check.h</string>
			<key>sourceTree</key>
			<string>&lt;group&gt;</string>
		</dict>
		<key>8ED0EA5E1D05768C002BC4D7</key>
		<dict>
			<key>fileEncoding</key>
			<string>4</string>
			<key>isa</key>
			<string>PBXFileReference</string>
			<key>lastKnownFileType</key>
			<string>sourcecode.c.objc</string>
			<key>path</key>
			<string>Check.m</string>
			<key>sourceTree</key>
			<string>&lt;group&gt;</string>
		</dict>
		<key>8ED0EA5F1D05768C002BC4D7</key>
		<dict>
			<key>fileEncoding</key>
			<string>4</string>
			<key>isa</key>
			<string>PBXFileReference</string>
			<key>lastKnownFileType</key>
			<string>sourcecode.c.h</string>
			<key>path</key>
			<string>Common.h</string>
			<key>sourceTree</key>
			<string>&lt;group&gt;</string>
		</dict>
		<key>8ED0EA601D05768C002BC4D7</key>
		<dict>
			<key>fileEncoding</key>
			<string>4</string>
			<key>isa</key>
			<string>PBXFileReference</string>
			<key>lastKnownFileType</key>
			<string>sourcecode.c.objc</string>
			<key>path</key>
			<string>Common.m</string>
			<key>sourceTree</key>
			<string>&lt;group&gt;</string>
		</dict>
		<key>8ED0EA611D05768C002BC4D7</key>
		<dict>
			<key>fileRef</key>
			<string>8ED0EA5E1D05768C002BC4D7</string>
			<key>isa</key>
			<string>PBXBuildFile</string>
		</dict>
		<key>8ED0EA621D05768C002BC4D7</key>
		<dict>
			<key>fileRef</key>
			<string>8ED0EA601D05768C002BC4D7</string>
			<key>isa</key>
			<string>PBXBuildFile</string>
		</dict>
		<key>8ED0EA631D0576A8002BC4D7</key>
		<dict>
			<key>fileEncoding</key>
			<string>4</string>
			<key>isa</key>
			<string>PBXFileReference</string>
			<key>lastKnownFileType</key>
			<string>sourcecode.c.h</string>
			<key>path</key>
			<string>PlaceModel.h</string>
			<key>sourceTree</key>
			<string>&lt;group&gt;</string>
		</dict>
		<key>8ED0EA641D0576A8002BC4D7</key>
		<dict>
			<key>fileEncoding</key>
			<string>4</string>
			<key>isa</key>
			<string>PBXFileReference</string>
			<key>lastKnownFileType</key>
			<string>sourcecode.c.objc</string>
			<key>path</key>
			<string>PlaceModel.m</string>
			<key>sourceTree</key>
			<string>&lt;group&gt;</string>
		</dict>
		<key>8ED0EA651D0576A8002BC4D7</key>
		<dict>
			<key>fileRef</key>
			<string>8ED0EA641D0576A8002BC4D7</string>
			<key>isa</key>
			<string>PBXBuildFile</string>
		</dict>
		<key>8ED0EA661D0576B7002BC4D7</key>
		<dict>
			<key>fileEncoding</key>
			<string>4</string>
			<key>isa</key>
			<string>PBXFileReference</string>
			<key>lastKnownFileType</key>
			<string>sourcecode.c.h</string>
			<key>path</key>
			<string>GeogerChange.h</string>
			<key>sourceTree</key>
			<string>&lt;group&gt;</string>
		</dict>
		<key>8ED0EA671D0576B7002BC4D7</key>
		<dict>
			<key>fileEncoding</key>
			<string>4</string>
			<key>isa</key>
			<string>PBXFileReference</string>
			<key>lastKnownFileType</key>
			<string>sourcecode.c.objc</string>
			<key>path</key>
			<string>GeogerChange.m</string>
			<key>sourceTree</key>
			<string>&lt;group&gt;</string>
		</dict>
		<key>8ED0EA681D0576B7002BC4D7</key>
		<dict>
			<key>fileRef</key>
			<string>8ED0EA671D0576B7002BC4D7</string>
			<key>isa</key>
			<string>PBXBuildFile</string>
		</dict>
		<key>8ED0EA691D0576E4002BC4D7</key>
		<dict>
			<key>children</key>
			<array>
				<string>8ED0EA6A1D0576E4002BC4D7</string>
				<string>8ED0EA6B1D0576E4002BC4D7</string>
			</array>
			<key>isa</key>
			<string>PBXGroup</string>
			<key>path</key>
			<string>LCMenuBar</string>
			<key>sourceTree</key>
			<string>&lt;group&gt;</string>
		</dict>
		<key>8ED0EA6A1D0576E4002BC4D7</key>
		<dict>
			<key>fileEncoding</key>
			<string>4</string>
			<key>isa</key>
			<string>PBXFileReference</string>
			<key>lastKnownFileType</key>
			<string>sourcecode.c.h</string>
			<key>path</key>
			<string>LCMenuBar.h</string>
			<key>sourceTree</key>
			<string>&lt;group&gt;</string>
		</dict>
		<key>8ED0EA6B1D0576E4002BC4D7</key>
		<dict>
			<key>fileEncoding</key>
			<string>4</string>
			<key>isa</key>
			<string>PBXFileReference</string>
			<key>lastKnownFileType</key>
			<string>sourcecode.c.objc</string>
			<key>path</key>
			<string>LCMenuBar.m</string>
			<key>sourceTree</key>
			<string>&lt;group&gt;</string>
		</dict>
		<key>8ED0EA6C1D0576E4002BC4D7</key>
		<dict>
			<key>fileRef</key>
			<string>8ED0EA6B1D0576E4002BC4D7</string>
			<key>isa</key>
			<string>PBXBuildFile</string>
		</dict>
		<key>8ED0EA6D1D05770D002BC4D7</key>
		<dict>
			<key>children</key>
			<array>
				<string>8ED0EA6E1D05771D002BC4D7</string>
				<string>8ED0EA6F1D05771D002BC4D7</string>
			</array>
			<key>isa</key>
			<string>PBXGroup</string>
			<key>path</key>
			<string>LCPlaceHolderTextView</string>
			<key>sourceTree</key>
			<string>&lt;group&gt;</string>
		</dict>
		<key>8ED0EA6E1D05771D002BC4D7</key>
		<dict>
			<key>fileEncoding</key>
			<string>4</string>
			<key>isa</key>
			<string>PBXFileReference</string>
			<key>lastKnownFileType</key>
			<string>sourcecode.c.h</string>
			<key>path</key>
			<string>LCPlaceHolderTextView.h</string>
			<key>sourceTree</key>
			<string>&lt;group&gt;</string>
		</dict>
		<key>8ED0EA6F1D05771D002BC4D7</key>
		<dict>
			<key>fileEncoding</key>
			<string>4</string>
			<key>isa</key>
			<string>PBXFileReference</string>
			<key>lastKnownFileType</key>
			<string>sourcecode.c.objc</string>
			<key>path</key>
			<string>LCPlaceHolderTextView.m</string>
			<key>sourceTree</key>
			<string>&lt;group&gt;</string>
		</dict>
		<key>8ED0EA701D05771D002BC4D7</key>
		<dict>
			<key>fileRef</key>
			<string>8ED0EA6F1D05771D002BC4D7</string>
			<key>isa</key>
			<string>PBXBuildFile</string>
		</dict>
		<key>8ED0EA711D05779F002BC4D7</key>
		<dict>
			<key>children</key>
			<array>
				<string>8ED0EA721D05779F002BC4D7</string>
				<string>8ED0EA731D05779F002BC4D7</string>
				<string>8ED0EA741D05779F002BC4D7</string>
				<string>8ED0EA751D05779F002BC4D7</string>
				<string>8ED0EA761D05779F002BC4D7</string>
				<string>8ED0EA771D05779F002BC4D7</string>
				<string>8ED0EA781D05779F002BC4D7</string>
				<string>8ED0EA791D05779F002BC4D7</string>
			</array>
			<key>isa</key>
			<string>PBXGroup</string>
			<key>path</key>
			<string>TPKeyboardAvoiding</string>
			<key>sourceTree</key>
			<string>&lt;group&gt;</string>
		</dict>
		<key>8ED0EA721D05779F002BC4D7</key>
		<dict>
			<key>fileEncoding</key>
			<string>4</string>
			<key>isa</key>
			<string>PBXFileReference</string>
			<key>lastKnownFileType</key>
			<string>sourcecode.c.h</string>
			<key>path</key>
			<string>TPKeyboardAvoidingCollectionView.h</string>
			<key>sourceTree</key>
			<string>&lt;group&gt;</string>
		</dict>
		<key>8ED0EA731D05779F002BC4D7</key>
		<dict>
			<key>fileEncoding</key>
			<string>4</string>
			<key>isa</key>
			<string>PBXFileReference</string>
			<key>lastKnownFileType</key>
			<string>sourcecode.c.objc</string>
			<key>path</key>
			<string>TPKeyboardAvoidingCollectionView.m</string>
			<key>sourceTree</key>
			<string>&lt;group&gt;</string>
		</dict>
		<key>8ED0EA741D05779F002BC4D7</key>
		<dict>
			<key>fileEncoding</key>
			<string>4</string>
			<key>isa</key>
			<string>PBXFileReference</string>
			<key>lastKnownFileType</key>
			<string>sourcecode.c.h</string>
			<key>path</key>
			<string>TPKeyboardAvoidingScrollView.h</string>
			<key>sourceTree</key>
			<string>&lt;group&gt;</string>
		</dict>
		<key>8ED0EA751D05779F002BC4D7</key>
		<dict>
			<key>fileEncoding</key>
			<string>4</string>
			<key>isa</key>
			<string>PBXFileReference</string>
			<key>lastKnownFileType</key>
			<string>sourcecode.c.objc</string>
			<key>path</key>
			<string>TPKeyboardAvoidingScrollView.m</string>
			<key>sourceTree</key>
			<string>&lt;group&gt;</string>
		</dict>
		<key>8ED0EA761D05779F002BC4D7</key>
		<dict>
			<key>fileEncoding</key>
			<string>4</string>
			<key>isa</key>
			<string>PBXFileReference</string>
			<key>lastKnownFileType</key>
			<string>sourcecode.c.h</string>
			<key>path</key>
			<string>TPKeyboardAvoidingTableView.h</string>
			<key>sourceTree</key>
			<string>&lt;group&gt;</string>
		</dict>
		<key>8ED0EA771D05779F002BC4D7</key>
		<dict>
			<key>fileEncoding</key>
			<string>4</string>
			<key>isa</key>
			<string>PBXFileReference</string>
			<key>lastKnownFileType</key>
			<string>sourcecode.c.objc</string>
			<key>path</key>
			<string>TPKeyboardAvoidingTableView.m</string>
			<key>sourceTree</key>
			<string>&lt;group&gt;</string>
		</dict>
		<key>8ED0EA781D05779F002BC4D7</key>
		<dict>
			<key>fileEncoding</key>
			<string>4</string>
			<key>isa</key>
			<string>PBXFileReference</string>
			<key>lastKnownFileType</key>
			<string>sourcecode.c.h</string>
			<key>path</key>
			<string>UIScrollView+TPKeyboardAvoidingAdditions.h</string>
			<key>sourceTree</key>
			<string>&lt;group&gt;</string>
		</dict>
		<key>8ED0EA791D05779F002BC4D7</key>
		<dict>
			<key>fileEncoding</key>
			<string>4</string>
			<key>isa</key>
			<string>PBXFileReference</string>
			<key>lastKnownFileType</key>
			<string>sourcecode.c.objc</string>
			<key>path</key>
			<string>UIScrollView+TPKeyboardAvoidingAdditions.m</string>
			<key>sourceTree</key>
			<string>&lt;group&gt;</string>
		</dict>
		<key>8ED0EA7A1D05779F002BC4D7</key>
		<dict>
			<key>fileRef</key>
			<string>8ED0EA731D05779F002BC4D7</string>
			<key>isa</key>
			<string>PBXBuildFile</string>
		</dict>
		<key>8ED0EA7B1D05779F002BC4D7</key>
		<dict>
			<key>fileRef</key>
			<string>8ED0EA751D05779F002BC4D7</string>
			<key>isa</key>
			<string>PBXBuildFile</string>
		</dict>
		<key>8ED0EA7C1D05779F002BC4D7</key>
		<dict>
			<key>fileRef</key>
			<string>8ED0EA771D05779F002BC4D7</string>
			<key>isa</key>
			<string>PBXBuildFile</string>
		</dict>
		<key>8ED0EA7D1D05779F002BC4D7</key>
		<dict>
			<key>fileRef</key>
			<string>8ED0EA791D05779F002BC4D7</string>
			<key>isa</key>
			<string>PBXBuildFile</string>
		</dict>
		<key>8ED0EA7E1D057822002BC4D7</key>
		<dict>
			<key>children</key>
			<array>
				<string>8ED0EA811D057822002BC4D7</string>
				<string>8ED0EA821D057822002BC4D7</string>
			</array>
			<key>isa</key>
			<string>PBXGroup</string>
			<key>path</key>
			<string>JXBAdPageView</string>
			<key>sourceTree</key>
			<string>&lt;group&gt;</string>
		</dict>
		<key>8ED0EA811D057822002BC4D7</key>
		<dict>
			<key>fileEncoding</key>
			<string>4</string>
			<key>isa</key>
			<string>PBXFileReference</string>
			<key>lastKnownFileType</key>
			<string>sourcecode.c.h</string>
			<key>path</key>
			<string>XXSYAdPageView.h</string>
			<key>sourceTree</key>
			<string>&lt;group&gt;</string>
		</dict>
		<key>8ED0EA821D057822002BC4D7</key>
		<dict>
			<key>fileEncoding</key>
			<string>4</string>
			<key>isa</key>
			<string>PBXFileReference</string>
			<key>lastKnownFileType</key>
			<string>sourcecode.c.objc</string>
			<key>path</key>
			<string>XXSYAdPageView.m</string>
			<key>sourceTree</key>
			<string>&lt;group&gt;</string>
		</dict>
		<key>8ED0EA841D057822002BC4D7</key>
		<dict>
			<key>fileRef</key>
			<string>8ED0EA821D057822002BC4D7</string>
			<key>isa</key>
			<string>PBXBuildFile</string>
		</dict>
		<key>8ED0EA8B1D057A8C002BC4D7</key>
		<dict>
			<key>fileEncoding</key>
			<string>4</string>
			<key>isa</key>
			<string>PBXFileReference</string>
			<key>lastKnownFileType</key>
			<string>sourcecode.c.h</string>
			<key>path</key>
			<string>UIImageView+Extention.h</string>
			<key>sourceTree</key>
			<string>&lt;group&gt;</string>
		</dict>
		<key>8ED0EA8C1D057A8C002BC4D7</key>
		<dict>
			<key>fileEncoding</key>
			<string>4</string>
			<key>isa</key>
			<string>PBXFileReference</string>
			<key>lastKnownFileType</key>
			<string>sourcecode.c.objc</string>
			<key>path</key>
			<string>UIImageView+Extention.m</string>
			<key>sourceTree</key>
			<string>&lt;group&gt;</string>
		</dict>
		<key>8ED0EA8D1D057A8C002BC4D7</key>
		<dict>
			<key>fileRef</key>
			<string>8ED0EA8C1D057A8C002BC4D7</string>
			<key>isa</key>
			<string>PBXBuildFile</string>
		</dict>
		<key>8ED0EA8E1D057B17002BC4D7</key>
		<dict>
			<key>fileEncoding</key>
			<string>4</string>
			<key>isa</key>
			<string>PBXFileReference</string>
			<key>lastKnownFileType</key>
			<string>sourcecode.c.h</string>
			<key>path</key>
			<string>AFNHttpTool.h</string>
			<key>sourceTree</key>
			<string>&lt;group&gt;</string>
		</dict>
		<key>8ED0EA8F1D057B17002BC4D7</key>
		<dict>
			<key>fileEncoding</key>
			<string>4</string>
			<key>isa</key>
			<string>PBXFileReference</string>
			<key>lastKnownFileType</key>
			<string>sourcecode.c.objc</string>
			<key>path</key>
			<string>AFNHttpTool.m</string>
			<key>sourceTree</key>
			<string>&lt;group&gt;</string>
		</dict>
		<key>8ED0EA901D057B17002BC4D7</key>
		<dict>
			<key>fileEncoding</key>
			<string>4</string>
			<key>isa</key>
			<string>PBXFileReference</string>
			<key>lastKnownFileType</key>
			<string>sourcecode.c.h</string>
			<key>path</key>
			<string>AppleHttpTool.h</string>
			<key>sourceTree</key>
			<string>&lt;group&gt;</string>
		</dict>
		<key>8ED0EA911D057B17002BC4D7</key>
		<dict>
			<key>fileEncoding</key>
			<string>4</string>
			<key>isa</key>
			<string>PBXFileReference</string>
			<key>lastKnownFileType</key>
			<string>sourcecode.c.objc</string>
			<key>path</key>
			<string>AppleHttpTool.m</string>
			<key>sourceTree</key>
			<string>&lt;group&gt;</string>
		</dict>
		<key>8ED0EA921D057B17002BC4D7</key>
		<dict>
			<key>fileEncoding</key>
			<string>4</string>
			<key>isa</key>
			<string>PBXFileReference</string>
			<key>lastKnownFileType</key>
			<string>sourcecode.c.h</string>
			<key>path</key>
			<string>ErrorPromt.h</string>
			<key>sourceTree</key>
			<string>&lt;group&gt;</string>
		</dict>
		<key>8ED0EA931D057B17002BC4D7</key>
		<dict>
			<key>fileEncoding</key>
			<string>4</string>
			<key>isa</key>
			<string>PBXFileReference</string>
			<key>lastKnownFileType</key>
			<string>sourcecode.c.objc</string>
			<key>path</key>
			<string>ErrorPromt.m</string>
			<key>sourceTree</key>
			<string>&lt;group&gt;</string>
		</dict>
		<key>8ED0EA941D057B17002BC4D7</key>
		<dict>
			<key>fileEncoding</key>
			<string>4</string>
			<key>isa</key>
			<string>PBXFileReference</string>
			<key>lastKnownFileType</key>
			<string>sourcecode.c.h</string>
			<key>path</key>
			<string>HTTPConstString.h</string>
			<key>sourceTree</key>
			<string>&lt;group&gt;</string>
		</dict>
		<key>8ED0EA951D057B17002BC4D7</key>
		<dict>
			<key>fileEncoding</key>
			<string>4</string>
			<key>isa</key>
			<string>PBXFileReference</string>
			<key>lastKnownFileType</key>
			<string>sourcecode.c.objc</string>
			<key>path</key>
			<string>HTTPConstString.m</string>
			<key>sourceTree</key>
			<string>&lt;group&gt;</string>
		</dict>
		<key>8ED0EA971D057B17002BC4D7</key>
		<dict>
			<key>fileRef</key>
			<string>8ED0EA8F1D057B17002BC4D7</string>
			<key>isa</key>
			<string>PBXBuildFile</string>
		</dict>
		<key>8ED0EA981D057B17002BC4D7</key>
		<dict>
			<key>fileRef</key>
			<string>8ED0EA911D057B17002BC4D7</string>
			<key>isa</key>
			<string>PBXBuildFile</string>
		</dict>
		<key>8ED0EA991D057B17002BC4D7</key>
		<dict>
			<key>fileRef</key>
			<string>8ED0EA931D057B17002BC4D7</string>
			<key>isa</key>
			<string>PBXBuildFile</string>
		</dict>
		<key>8ED0EA9A1D057B17002BC4D7</key>
		<dict>
			<key>fileRef</key>
			<string>8ED0EA951D057B17002BC4D7</string>
			<key>isa</key>
			<string>PBXBuildFile</string>
		</dict>
		<key>9521F56F3ABE83E5054AA242</key>
		<dict>
			<key>includeInIndex</key>
			<string>1</string>
			<key>isa</key>
			<string>PBXFileReference</string>
			<key>lastKnownFileType</key>
			<string>text.xcconfig</string>
			<key>name</key>
			<string>Pods.debug.xcconfig</string>
			<key>path</key>
			<string>Pods/Target Support Files/Pods/Pods.debug.xcconfig</string>
			<key>sourceTree</key>
			<string>&lt;group&gt;</string>
		</dict>
		<key>B1BB91279937AD773BA11931</key>
		<dict>
			<key>explicitFileType</key>
			<string>archive.ar</string>
			<key>includeInIndex</key>
			<string>0</string>
			<key>isa</key>
			<string>PBXFileReference</string>
			<key>path</key>
			<string>libPods.a</string>
			<key>sourceTree</key>
			<string>BUILT_PRODUCTS_DIR</string>
		</dict>
		<key>B86CF103F93F4348075E7B4D</key>
		<dict>
			<key>includeInIndex</key>
			<string>1</string>
			<key>isa</key>
			<string>PBXFileReference</string>
			<key>lastKnownFileType</key>
			<string>text.xcconfig</string>
			<key>name</key>
			<string>Pods.release.xcconfig</string>
			<key>path</key>
			<string>Pods/Target Support Files/Pods/Pods.release.xcconfig</string>
			<key>sourceTree</key>
			<string>&lt;group&gt;</string>
		</dict>
		<key>CE2570C00B010A91D0DF6CB3</key>
		<dict>
			<key>buildActionMask</key>
			<string>2147483647</string>
			<key>files</key>
			<array/>
			<key>inputPaths</key>
			<array/>
			<key>isa</key>
			<string>PBXShellScriptBuildPhase</string>
			<key>name</key>
			<string>Check Pods Manifest.lock</string>
			<key>outputPaths</key>
			<array/>
			<key>runOnlyForDeploymentPostprocessing</key>
			<string>0</string>
			<key>shellPath</key>
			<string>/bin/sh</string>
			<key>shellScript</key>
			<string>diff "${PODS_ROOT}/../Podfile.lock" "${PODS_ROOT}/Manifest.lock" &gt; /dev/null
if [[ $? != 0 ]] ; then
    cat &lt;&lt; EOM
error: The sandbox is not in sync with the Podfile.lock. Run 'pod install' or update your CocoaPods installation.
EOM
    exit 1
fi
</string>
			<key>showEnvVarsInLog</key>
			<string>0</string>
		</dict>
		<key>D1F66E9A5BB77B52BBB153BC</key>
		<dict>
			<key>buildActionMask</key>
			<string>2147483647</string>
			<key>files</key>
			<array/>
			<key>inputPaths</key>
			<array/>
			<key>isa</key>
			<string>PBXShellScriptBuildPhase</string>
			<key>name</key>
			<string>Copy Pods Resources</string>
			<key>outputPaths</key>
			<array/>
			<key>runOnlyForDeploymentPostprocessing</key>
			<string>0</string>
			<key>shellPath</key>
			<string>/bin/sh</string>
			<key>shellScript</key>
			<string>"${SRCROOT}/Pods/Target Support Files/Pods/Pods-resources.sh"
</string>
			<key>showEnvVarsInLog</key>
			<string>0</string>
		</dict>
		<key>E1866F9442EFC94E64704FF8</key>
		<dict>
			<key>children</key>
			<array>
				<string>B1BB91279937AD773BA11931</string>
			</array>
			<key>isa</key>
			<string>PBXGroup</string>
			<key>name</key>
			<string>Frameworks</string>
			<key>sourceTree</key>
			<string>&lt;group&gt;</string>
		</dict>
	</dict>
	<key>rootObject</key>
	<string>8ED0E9CD1D0558BF002BC4D7</string>
</dict>
</plist>
